{
  "name": "sanguosha_dapp",
  "version": "0.0.1",
  "lockfileVersion": 1,
  "requires": true,
  "dependencies": {
    "add-dom-event-listener": {
      "version": "1.0.2",
      "resolved": "http://registry.npm.taobao.org/add-dom-event-listener/download/add-dom-event-listener-1.0.2.tgz",
      "integrity": "sha1-j67SxBAIchzxEdodMNmVuFvkK+0=",
      "requires": {
        "object-assign": "4.1.1"
      }
    },
    "ansi-escapes": {
      "version": "1.4.0",
      "resolved": "http://registry.npm.taobao.org/ansi-escapes/download/ansi-escapes-1.4.0.tgz",
      "integrity": "sha1-06ioOzGapneTZisT52HHkRQiMG4="
    },
    "ansi-regex": {
      "version": "2.1.1",
      "resolved": "http://registry.npm.taobao.org/ansi-regex/download/ansi-regex-2.1.1.tgz",
      "integrity": "sha1-w7M6te42DYbg5ijwRorn7yfWVN8="
    },
    "ansi-styles": {
      "version": "2.2.1",
      "resolved": "http://registry.npm.taobao.org/ansi-styles/download/ansi-styles-2.2.1.tgz",
      "integrity": "sha1-tDLdM1i2NM914eRmQ2gkBTPB3b4="
    },
    "antd": {
      "version": "3.2.3",
      "resolved": "http://registry.npm.taobao.org/antd/download/antd-3.2.3.tgz",
      "integrity": "sha1-7Km+kN/KiPh8OR0CGaabHNwuxoc=",
      "requires": {
        "array-tree-filter": "2.1.0",
        "babel-runtime": "6.26.0",
        "classnames": "2.2.5",
        "create-react-class": "15.6.3",
        "css-animation": "1.4.1",
        "dom-closest": "0.2.0",
        "enquire.js": "2.1.6",
        "lodash.debounce": "4.0.8",
        "lodash.uniqby": "4.7.0",
        "moment": "2.21.0",
        "omit.js": "1.0.0",
        "prop-types": "15.6.1",
        "rc-animate": "2.4.4",
        "rc-calendar": "9.5.0",
        "rc-cascader": "0.12.2",
        "rc-checkbox": "2.1.5",
        "rc-collapse": "1.8.0",
        "rc-dialog": "7.1.3",
        "rc-dropdown": "2.1.1",
        "rc-editor-mention": "1.1.6",
        "rc-form": "2.1.7",
        "rc-input-number": "4.0.2",
        "rc-menu": "6.2.6",
        "rc-notification": "3.0.1",
        "rc-pagination": "1.15.1",
        "rc-progress": "2.2.5",
        "rc-rate": "2.4.0",
        "rc-select": "7.7.3",
        "rc-slider": "8.6.1",
        "rc-steps": "3.1.0",
        "rc-switch": "1.6.0",
        "rc-table": "6.1.7",
        "rc-tabs": "9.2.4",
        "rc-time-picker": "3.2.1",
        "rc-tooltip": "3.7.0",
        "rc-tree": "1.7.11",
        "rc-tree-select": "1.12.9",
        "rc-upload": "2.4.4",
        "rc-util": "4.4.0",
        "react-lazy-load": "3.0.13",
        "react-slick": "0.17.1",
        "shallowequal": "1.0.2",
        "warning": "3.0.0"
      }
    },
    "array-tree-filter": {
      "version": "2.1.0",
      "resolved": "http://registry.npm.taobao.org/array-tree-filter/download/array-tree-filter-2.1.0.tgz",
      "integrity": "sha1-hzrAD+yDdJ8lWsjdCDgUtPYykZA="
    },
    "asap": {
      "version": "2.0.6",
      "resolved": "http://registry.npm.taobao.org/asap/download/asap-2.0.6.tgz",
      "integrity": "sha1-5QNHYR1+aQlDIIu9r+vLwvuGbUY="
    },
    "async-validator": {
      "version": "1.8.2",
      "resolved": "http://registry.npm.taobao.org/async-validator/download/async-validator-1.8.2.tgz",
      "integrity": "sha1-t3WXIm6WJC+NUxwNRq4pX2JCK6Q=",
      "requires": {
        "babel-runtime": "6.26.0"
      }
    },
    "babel-polyfill": {
      "version": "6.23.0",
      "resolved": "http://registry.npm.taobao.org/babel-polyfill/download/babel-polyfill-6.23.0.tgz",
      "integrity": "sha1-g2TKYt+Or7gwSZ9pkXdGbDsDSZ0=",
      "requires": {
        "babel-runtime": "6.26.0",
        "core-js": "2.5.3",
        "regenerator-runtime": "0.10.5"
      },
      "dependencies": {
        "regenerator-runtime": {
          "version": "0.10.5",
          "resolved": "http://registry.npm.taobao.org/regenerator-runtime/download/regenerator-runtime-0.10.5.tgz",
          "integrity": "sha1-M2w+/BIgrc7dosn6tntaeVWjNlg="
        }
      }
    },
    "babel-runtime": {
      "version": "6.26.0",
      "resolved": "http://registry.npm.taobao.org/babel-runtime/download/babel-runtime-6.26.0.tgz",
      "integrity": "sha1-llxwWGaOgrVde/4E/yM3vItWR/4=",
      "requires": {
        "core-js": "2.5.3",
        "regenerator-runtime": "0.11.1"
      }
    },
    "can-use-dom": {
      "version": "0.1.0",
      "resolved": "http://registry.npm.taobao.org/can-use-dom/download/can-use-dom-0.1.0.tgz",
      "integrity": "sha1-IsxKNKCrxDlQ9CxkEQJKP2NmtFo="
    },
    "chalk": {
      "version": "1.1.3",
      "resolved": "http://registry.npm.taobao.org/chalk/download/chalk-1.1.3.tgz",
      "integrity": "sha1-qBFcVeSnAv5NFQq9OHKCKn4J/Jg=",
      "requires": {
        "ansi-styles": "2.2.1",
        "escape-string-regexp": "1.0.5",
        "has-ansi": "2.0.0",
        "strip-ansi": "3.0.1",
        "supports-color": "2.0.0"
      }
    },
    "chardet": {
      "version": "0.4.2",
      "resolved": "http://registry.npm.taobao.org/chardet/download/chardet-0.4.2.tgz",
      "integrity": "sha1-tUc7M9yXxCTl2Y3IfVXU2KKci/I="
    },
    "classnames": {
      "version": "2.2.5",
      "resolved": "http://registry.npm.taobao.org/classnames/download/classnames-2.2.5.tgz",
      "integrity": "sha1-+zgB1FNGdknvNgPH1hoCvRKb3m0="
    },
    "cli-cursor": {
      "version": "2.1.0",
      "resolved": "http://registry.npm.taobao.org/cli-cursor/download/cli-cursor-2.1.0.tgz",
      "integrity": "sha1-s12sN2R5+sw+lHR9QdDQ9SOP/LU=",
      "requires": {
        "restore-cursor": "2.0.0"
      }
    },
    "cli-width": {
      "version": "2.2.0",
      "resolved": "http://registry.npm.taobao.org/cli-width/download/cli-width-2.2.0.tgz",
      "integrity": "sha1-/xnt6Kml5XkyQUewwR8PvLq+1jk="
    },
    "component-classes": {
      "version": "1.2.6",
      "resolved": "http://registry.npm.taobao.org/component-classes/download/component-classes-1.2.6.tgz",
      "integrity": "sha1-xkI5TDYYpNiwuJGe/Mu9kw5c1pE=",
      "requires": {
        "component-indexof": "0.0.3"
      }
    },
    "component-indexof": {
      "version": "0.0.3",
      "resolved": "http://registry.npm.taobao.org/component-indexof/download/component-indexof-0.0.3.tgz",
      "integrity": "sha1-EdCRMSI5648yyPJa6csAL/6NPCQ="
    },
    "core-js": {
      "version": "2.5.3",
      "resolved": "http://registry.npm.taobao.org/core-js/download/core-js-2.5.3.tgz",
      "integrity": "sha1-isw4NFgk8W2DZbfJtCWRaOjtYD4="
    },
    "create-react-class": {
      "version": "15.6.3",
      "resolved": "http://registry.npm.taobao.org/create-react-class/download/create-react-class-15.6.3.tgz",
      "integrity": "sha1-LXMjf7P5cK5uvgEanmb0bbyoADY=",
      "requires": {
        "fbjs": "0.8.16",
        "loose-envify": "1.3.1",
        "object-assign": "4.1.1"
      }
    },
    "css-animation": {
      "version": "1.4.1",
      "resolved": "http://registry.npm.taobao.org/css-animation/download/css-animation-1.4.1.tgz",
      "integrity": "sha1-W4gTEl3g+7uwu+G0cq6EIhRpt6g=",
      "requires": {
        "babel-runtime": "6.26.0",
        "component-classes": "1.2.6"
      }
    },
    "dom-align": {
      "version": "1.6.7",
      "resolved": "http://registry.npm.taobao.org/dom-align/download/dom-align-1.6.7.tgz",
      "integrity": "sha1-aFgTjvtrd0Bc6ZFG0L5eT3KCgT8="
    },
    "dom-closest": {
      "version": "0.2.0",
      "resolved": "http://registry.npm.taobao.org/dom-closest/download/dom-closest-0.2.0.tgz",
      "integrity": "sha1-69n5HRvyLo1vR3h2u80+yQIWwM8=",
      "requires": {
        "dom-matches": "2.0.0"
      }
    },
    "dom-matches": {
      "version": "2.0.0",
      "resolved": "http://registry.npm.taobao.org/dom-matches/download/dom-matches-2.0.0.tgz",
      "integrity": "sha1-0nKLQWqHUzmA6wibhI0lPPI6dYw="
    },
    "dom-scroll-into-view": {
      "version": "1.2.1",
      "resolved": "http://registry.npm.taobao.org/dom-scroll-into-view/download/dom-scroll-into-view-1.2.1.tgz",
      "integrity": "sha1-6PNnMt0ImwIBqI14Fdw/iObWbH4="
    },
    "draft-js": {
      "version": "0.10.5",
      "resolved": "http://registry.npm.taobao.org/draft-js/download/draft-js-0.10.5.tgz",
      "integrity": "sha1-v6m+sBj+BTPbsI1mdcNxprCPp0I=",
      "requires": {
        "fbjs": "0.8.16",
        "immutable": "3.7.6",
        "object-assign": "4.1.1"
      }
    },
    "encoding": {
      "version": "0.1.12",
      "resolved": "http://registry.npm.taobao.org/encoding/download/encoding-0.1.12.tgz",
      "integrity": "sha1-U4tm8+5izRq1HsMjgp0flIDHS+s=",
      "requires": {
        "iconv-lite": "0.4.19"
      }
    },
    "enquire.js": {
      "version": "2.1.6",
      "resolved": "http://registry.npm.taobao.org/enquire.js/download/enquire.js-2.1.6.tgz",
      "integrity": "sha1-PoeAybi4NQhMP2DhZtvDwqPImBQ="
    },
    "escape-string-regexp": {
      "version": "1.0.5",
      "resolved": "http://registry.npm.taobao.org/escape-string-regexp/download/escape-string-regexp-1.0.5.tgz",
      "integrity": "sha1-G2HAViGQqN/2rjuyzwIAyhMLhtQ="
    },
    "eventlistener": {
      "version": "0.0.1",
      "resolved": "http://registry.npm.taobao.org/eventlistener/download/eventlistener-0.0.1.tgz",
      "integrity": "sha1-7Suqu4UiJ68rz4iRUscsY8pTLrg="
    },
    "external-editor": {
      "version": "2.1.0",
      "resolved": "http://registry.npm.taobao.org/external-editor/download/external-editor-2.1.0.tgz",
      "integrity": "sha1-PQJqIbf5W1cmOH1CAKwWDTcsO0g=",
      "requires": {
        "chardet": "0.4.2",
        "iconv-lite": "0.4.19",
        "tmp": "0.0.33"
      }
    },
    "fbjs": {
      "version": "0.8.16",
      "resolved": "http://registry.npm.taobao.org/fbjs/download/fbjs-0.8.16.tgz",
      "integrity": "sha1-XmdDL1UNxBtXK/VYR7ispk5TN9s=",
      "requires": {
        "core-js": "1.2.7",
        "isomorphic-fetch": "2.2.1",
        "loose-envify": "1.3.1",
        "object-assign": "4.1.1",
        "promise": "7.3.1",
        "setimmediate": "1.0.5",
        "ua-parser-js": "0.7.17"
      },
      "dependencies": {
        "core-js": {
          "version": "1.2.7",
          "resolved": "http://registry.npm.taobao.org/core-js/download/core-js-1.2.7.tgz",
          "integrity": "sha1-ZSKUwUZR2yj6k70tX/KYOk8IxjY="
        }
      }
    },
    "figures": {
      "version": "2.0.0",
      "resolved": "http://registry.npm.taobao.org/figures/download/figures-2.0.0.tgz",
      "integrity": "sha1-OrGi0qYsi/tDGgyUy3l6L84nyWI=",
      "requires": {
        "escape-string-regexp": "1.0.5"
      }
    },
    "hammerjs": {
      "version": "2.0.8",
      "resolved": "http://registry.npm.taobao.org/hammerjs/download/hammerjs-2.0.8.tgz",
      "integrity": "sha1-BO93hiz/K7edMPdpIJWTAiK/YPE="
    },
    "has-ansi": {
      "version": "2.0.0",
      "resolved": "http://registry.npm.taobao.org/has-ansi/download/has-ansi-2.0.0.tgz",
      "integrity": "sha1-NPUEnOHs3ysGSa8+8k5F7TVBbZE=",
      "requires": {
        "ansi-regex": "2.1.1"
      }
    },
    "hoist-non-react-statics": {
      "version": "2.5.0",
      "resolved": "http://registry.npm.taobao.org/hoist-non-react-statics/download/hoist-non-react-statics-2.5.0.tgz",
      "integrity": "sha1-0sot/BnFqRxaZhXOjlZO8DR+KkA="
    },
    "iconv-lite": {
      "version": "0.4.19",
      "resolved": "http://registry.npm.taobao.org/iconv-lite/download/iconv-lite-0.4.19.tgz",
      "integrity": "sha1-90aPYBNfXl2tM5nAqBvpoWA6CCs="
    },
    "immutable": {
      "version": "3.7.6",
      "resolved": "http://registry.npm.taobao.org/immutable/download/immutable-3.7.6.tgz",
      "integrity": "sha1-E7TTyxK++hVIKib+Gy665kAHHks="
    },
    "inquirer": {
      "version": "3.0.6",
      "resolved": "http://registry.npm.taobao.org/inquirer/download/inquirer-3.0.6.tgz",
      "integrity": "sha1-4EqqnQW3o8ubD0B9BDdfBEcZA0c=",
      "requires": {
        "ansi-escapes": "1.4.0",
        "chalk": "1.1.3",
        "cli-cursor": "2.1.0",
        "cli-width": "2.2.0",
        "external-editor": "2.1.0",
        "figures": "2.0.0",
        "lodash": "4.17.5",
        "mute-stream": "0.0.7",
        "run-async": "2.3.0",
        "rx": "4.1.0",
        "string-width": "2.1.1",
        "strip-ansi": "3.0.1",
        "through": "2.3.8"
      }
    },
    "is-fullwidth-code-point": {
      "version": "2.0.0",
      "resolved": "http://registry.npm.taobao.org/is-fullwidth-code-point/download/is-fullwidth-code-point-2.0.0.tgz",
      "integrity": "sha1-o7MKXE8ZkYMWeqq5O+764937ZU8="
    },
    "is-promise": {
      "version": "2.1.0",
      "resolved": "http://registry.npm.taobao.org/is-promise/download/is-promise-2.1.0.tgz",
      "integrity": "sha1-eaKp7OfwlugPNtKy87wWwf9L8/o="
    },
    "is-stream": {
      "version": "1.1.0",
      "resolved": "http://registry.npm.taobao.org/is-stream/download/is-stream-1.1.0.tgz",
      "integrity": "sha1-EtSj3U5o4Lec6428hBc66A2RykQ="
    },
    "isomorphic-fetch": {
      "version": "2.2.1",
      "resolved": "http://registry.npm.taobao.org/isomorphic-fetch/download/isomorphic-fetch-2.2.1.tgz",
      "integrity": "sha1-YRrhrPFPXoH3KVB0coGf6XM1WKk=",
      "requires": {
        "node-fetch": "1.7.3",
        "whatwg-fetch": "2.0.3"
      }
    },
    "js-tokens": {
      "version": "3.0.2",
      "resolved": "http://registry.npm.taobao.org/js-tokens/download/js-tokens-3.0.2.tgz",
      "integrity": "sha1-mGbfOVECEw449/mWvOtlRDIJwls="
    },
    "json2mq": {
      "version": "0.2.0",
      "resolved": "http://registry.npm.taobao.org/json2mq/download/json2mq-0.2.0.tgz",
      "integrity": "sha1-tje9O6nqvhIsg+lyBIOusQ0skEo=",
      "requires": {
        "string-convert": "0.2.1"
      }
    },
    "lodash": {
      "version": "4.17.5",
      "resolved": "http://registry.npm.taobao.org/lodash/download/lodash-4.17.5.tgz",
      "integrity": "sha1-maktZcAnLevoyWtgV7yPv6O+1RE="
    },
    "lodash._getnative": {
      "version": "3.9.1",
      "resolved": "http://registry.npm.taobao.org/lodash._getnative/download/lodash._getnative-3.9.1.tgz",
      "integrity": "sha1-VwvH3t5G1hzc3mh9ZdPuy6o6r/U="
    },
    "lodash.debounce": {
      "version": "4.0.8",
      "resolved": "http://registry.npm.taobao.org/lodash.debounce/download/lodash.debounce-4.0.8.tgz",
      "integrity": "sha1-gteb/zCmfEAF/9XiUVMArZyk168="
    },
    "lodash.isarguments": {
      "version": "3.1.0",
      "resolved": "http://registry.npm.taobao.org/lodash.isarguments/download/lodash.isarguments-3.1.0.tgz",
      "integrity": "sha1-L1c9hcaiQon/AGY7SRwdM4/zRYo="
    },
    "lodash.isarray": {
      "version": "3.0.4",
      "resolved": "http://registry.npm.taobao.org/lodash.isarray/download/lodash.isarray-3.0.4.tgz",
      "integrity": "sha1-eeTriMNqgSKvhvhEqpvNhRtfu1U="
    },
    "lodash.keys": {
      "version": "3.1.2",
      "resolved": "http://registry.npm.taobao.org/lodash.keys/download/lodash.keys-3.1.2.tgz",
      "integrity": "sha1-TbwEcrFWvlCgsoaFXRvQsMZWCYo=",
      "requires": {
        "lodash._getnative": "3.9.1",
        "lodash.isarguments": "3.1.0",
        "lodash.isarray": "3.0.4"
      }
    },
    "lodash.throttle": {
      "version": "4.1.1",
      "resolved": "http://registry.npm.taobao.org/lodash.throttle/download/lodash.throttle-4.1.1.tgz",
      "integrity": "sha1-wj6RtxAkKscMN/HhzaknTMOb8vQ="
    },
    "lodash.uniqby": {
      "version": "4.7.0",
      "resolved": "http://registry.npm.taobao.org/lodash.uniqby/download/lodash.uniqby-4.7.0.tgz",
      "integrity": "sha1-2ZwHpmnp5tJOE2Lf4mbGdhavEwI="
    },
    "loose-envify": {
      "version": "1.3.1",
      "resolved": "http://registry.npm.taobao.org/loose-envify/download/loose-envify-1.3.1.tgz",
      "integrity": "sha1-0aitM/qc4OcT1l/dCsi3SNR4yEg=",
      "requires": {
        "js-tokens": "3.0.2"
      }
    },
    "mimic-fn": {
      "version": "1.2.0",
      "resolved": "http://registry.npm.taobao.org/mimic-fn/download/mimic-fn-1.2.0.tgz",
      "integrity": "sha1-ggyGo5M0ZA6ZUWkovQP8qIBX0CI="
    },
    "mini-store": {
      "version": "1.0.4",
      "resolved": "http://registry.npm.taobao.org/mini-store/download/mini-store-1.0.4.tgz",
      "integrity": "sha1-pUD7/b3dBBXa8XqLDMgpDJ99i9Y=",
      "requires": {
        "hoist-non-react-statics": "2.5.0",
        "prop-types": "15.6.1",
        "shallowequal": "1.0.2"
      }
    },
    "minimist": {
      "version": "1.2.0",
      "resolved": "http://registry.npm.taobao.org/minimist/download/minimist-1.2.0.tgz",
      "integrity": "sha1-o1AIsg9BOD7sH7kU9M1d95omQoQ="
    },
    "moment": {
      "version": "2.21.0",
      "resolved": "http://registry.npm.taobao.org/moment/download/moment-2.21.0.tgz",
      "integrity": "sha1-KhFLUdKm7J5tg8+AP4OKh42KAjo="
    },
    "mute-stream": {
      "version": "0.0.7",
      "resolved": "http://registry.npm.taobao.org/mute-stream/download/mute-stream-0.0.7.tgz",
      "integrity": "sha1-MHXOk7whuPq0PhvE2n6BFe0ee6s="
    },
    "node-fetch": {
      "version": "1.7.3",
      "resolved": "http://registry.npm.taobao.org/node-fetch/download/node-fetch-1.7.3.tgz",
      "integrity": "sha1-mA9vcthSEaU0fGsrwYxbhMPrR+8=",
      "requires": {
        "encoding": "0.1.12",
        "is-stream": "1.1.0"
      }
    },
    "object-assign": {
      "version": "4.1.1",
      "resolved": "http://registry.npm.taobao.org/object-assign/download/object-assign-4.1.1.tgz",
      "integrity": "sha1-IQmtx5ZYh8/AXLvUQsrIv7s2CGM="
    },
    "omit.js": {
      "version": "1.0.0",
      "resolved": "http://registry.npm.taobao.org/omit.js/download/omit.js-1.0.0.tgz",
      "integrity": "sha1-4BPLhqdRe5z298+w3bQpclapkog=",
      "requires": {
        "babel-runtime": "6.26.0"
      }
    },
    "onetime": {
      "version": "2.0.1",
      "resolved": "http://registry.npm.taobao.org/onetime/download/onetime-2.0.1.tgz",
      "integrity": "sha1-BnQoIw/WdEOyeUsiu6UotoZ5YtQ=",
      "requires": {
        "mimic-fn": "1.2.0"
      }
    },
    "opencollective": {
      "version": "1.0.3",
      "resolved": "http://registry.npm.taobao.org/opencollective/download/opencollective-1.0.3.tgz",
      "integrity": "sha1-ruY3K8KBRFg2kMPKja7PwSDdDvE=",
      "requires": {
        "babel-polyfill": "6.23.0",
        "chalk": "1.1.3",
        "inquirer": "3.0.6",
        "minimist": "1.2.0",
        "node-fetch": "1.6.3",
        "opn": "4.0.2"
      },
      "dependencies": {
        "node-fetch": {
          "version": "1.6.3",
          "resolved": "http://registry.npm.taobao.org/node-fetch/download/node-fetch-1.6.3.tgz",
          "integrity": "sha1-3CNO3WSJmC1Y6PDbT2lQKavNjAQ=",
          "requires": {
            "encoding": "0.1.12",
            "is-stream": "1.1.0"
          }
        }
      }
    },
    "opn": {
      "version": "4.0.2",
      "resolved": "http://registry.npm.taobao.org/opn/download/opn-4.0.2.tgz",
      "integrity": "sha1-erwi5kTf9jsKltWrfyeQwPAavJU=",
      "requires": {
        "object-assign": "4.1.1",
        "pinkie-promise": "2.0.1"
      }
    },
    "os-tmpdir": {
      "version": "1.0.2",
      "resolved": "http://registry.npm.taobao.org/os-tmpdir/download/os-tmpdir-1.0.2.tgz",
      "integrity": "sha1-u+Z0BseaqFxc/sdm/lc0VV36EnQ="
    },
    "pinkie": {
      "version": "2.0.4",
      "resolved": "http://registry.npm.taobao.org/pinkie/download/pinkie-2.0.4.tgz",
      "integrity": "sha1-clVrgM+g1IqXToDnckjoDtT3+HA="
    },
    "pinkie-promise": {
      "version": "2.0.1",
      "resolved": "http://registry.npm.taobao.org/pinkie-promise/download/pinkie-promise-2.0.1.tgz",
      "integrity": "sha1-ITXW36ejWMBprJsXh3YogihFD/o=",
      "requires": {
        "pinkie": "2.0.4"
      }
    },
    "promise": {
      "version": "7.3.1",
      "resolved": "http://registry.npm.taobao.org/promise/download/promise-7.3.1.tgz",
      "integrity": "sha1-BktyYCsY+Q8pGSuLG8QY/9Hr078=",
      "requires": {
        "asap": "2.0.6"
      }
    },
    "prop-types": {
      "version": "15.6.1",
      "resolved": "http://registry.npm.taobao.org/prop-types/download/prop-types-15.6.1.tgz",
      "integrity": "sha1-NmREU1ZCVd3aORGR+zoSXL32VMo=",
      "requires": {
        "fbjs": "0.8.16",
        "loose-envify": "1.3.1",
        "object-assign": "4.1.1"
      }
    },
    "rc-align": {
      "version": "2.3.5",
      "resolved": "http://registry.npm.taobao.org/rc-align/download/rc-align-2.3.5.tgz",
      "integrity": "sha1-UIXPpNaF7p0DC5r9KXHrNwxegKE=",
      "requires": {
        "babel-runtime": "6.26.0",
        "dom-align": "1.6.7",
        "prop-types": "15.6.1",
        "rc-util": "4.4.0"
      }
    },
    "rc-animate": {
      "version": "2.4.4",
      "resolved": "http://registry.npm.taobao.org/rc-animate/download/rc-animate-2.4.4.tgz",
      "integrity": "sha1-oFp4THR77vFA2Z/1K2EXcRvvSx4=",
      "requires": {
        "babel-runtime": "6.26.0",
        "css-animation": "1.4.1",
        "prop-types": "15.6.1"
      }
    },
    "rc-calendar": {
      "version": "9.5.0",
      "resolved": "http://registry.npm.taobao.org/rc-calendar/download/rc-calendar-9.5.0.tgz",
      "integrity": "sha1-g/PsqXfRwGdlQ3vXrNOaMIkPbwc=",
      "requires": {
        "babel-runtime": "6.26.0",
        "classnames": "2.2.5",
        "create-react-class": "15.6.3",
        "moment": "2.21.0",
        "prop-types": "15.6.1",
        "rc-trigger": "2.3.4",
        "rc-util": "4.4.0"
      }
    },
    "rc-cascader": {
      "version": "0.12.2",
      "resolved": "http://registry.npm.taobao.org/rc-cascader/download/rc-cascader-0.12.2.tgz",
      "integrity": "sha1-LQj+RLUENkE308dI9RrDk0g+ezs=",
      "requires": {
        "array-tree-filter": "1.0.1",
        "prop-types": "15.6.1",
        "rc-trigger": "2.3.4",
        "rc-util": "4.4.0",
        "shallow-equal": "1.0.0"
      },
      "dependencies": {
        "array-tree-filter": {
          "version": "1.0.1",
          "resolved": "http://registry.npm.taobao.org/array-tree-filter/download/array-tree-filter-1.0.1.tgz",
          "integrity": "sha1-CorR7v04zoiFhjL5zAQj12NOTV0="
        }
      }
    },
    "rc-checkbox": {
      "version": "2.1.5",
      "resolved": "http://registry.npm.taobao.org/rc-checkbox/download/rc-checkbox-2.1.5.tgz",
      "integrity": "sha1-QRhYRIwO4qeX74VE2sY7yu73Iu8=",
      "requires": {
        "babel-runtime": "6.26.0",
        "classnames": "2.2.5",
        "prop-types": "15.6.1",
        "rc-util": "4.4.0"
      }
    },
    "rc-collapse": {
      "version": "1.8.0",
      "resolved": "http://registry.npm.taobao.org/rc-collapse/download/rc-collapse-1.8.0.tgz",
      "integrity": "sha1-EHvZGT42sexTgcntn/T3JFp5rbU=",
      "requires": {
        "classnames": "2.2.5",
        "css-animation": "1.4.1",
        "prop-types": "15.6.1",
        "rc-animate": "2.4.4"
      }
    },
    "rc-dialog": {
      "version": "7.1.3",
      "resolved": "http://registry.npm.taobao.org/rc-dialog/download/rc-dialog-7.1.3.tgz",
      "integrity": "sha1-5UcqG9olGstXfWkAfLpsjeU7G98=",
      "requires": {
        "babel-runtime": "6.26.0",
        "rc-animate": "2.4.4",
        "rc-util": "4.4.0"
      }
    },
    "rc-dropdown": {
      "version": "2.1.1",
      "resolved": "http://registry.npm.taobao.org/rc-dropdown/download/rc-dropdown-2.1.1.tgz",
      "integrity": "sha1-/jyIi6gyhgpX/qiv011Rv8G8fFQ=",
      "requires": {
        "babel-runtime": "6.26.0",
        "prop-types": "15.6.1",
        "rc-trigger": "2.3.4"
      }
    },
    "rc-editor-core": {
      "version": "0.8.6",
      "resolved": "http://registry.npm.taobao.org/rc-editor-core/download/rc-editor-core-0.8.6.tgz",
      "integrity": "sha1-5Isogobv+zJyy8nG+AFFDc2wskc=",
      "requires": {
        "babel-runtime": "6.26.0",
        "classnames": "2.2.5",
        "draft-js": "0.10.5",
        "immutable": "3.7.6",
        "lodash": "4.17.5",
        "prop-types": "15.6.1",
        "setimmediate": "1.0.5"
      }
    },
    "rc-editor-mention": {
      "version": "1.1.6",
      "resolved": "http://registry.npm.taobao.org/rc-editor-mention/download/rc-editor-mention-1.1.6.tgz",
      "integrity": "sha1-rLuSZh4jkvlx+NitHCNbCEeWyJU=",
      "requires": {
        "babel-runtime": "6.26.0",
        "classnames": "2.2.5",
        "dom-scroll-into-view": "1.2.1",
        "draft-js": "0.10.5",
        "prop-types": "15.6.1",
        "rc-animate": "2.4.4",
        "rc-editor-core": "0.8.6"
      }
    },
    "rc-form": {
      "version": "2.1.7",
      "resolved": "http://registry.npm.taobao.org/rc-form/download/rc-form-2.1.7.tgz",
      "integrity": "sha1-PgHF4Zg4A4tlpYAU4oAt6wiLYLc=",
      "requires": {
        "async-validator": "1.8.2",
        "babel-runtime": "6.26.0",
        "create-react-class": "15.6.3",
        "dom-scroll-into-view": "1.2.1",
        "hoist-non-react-statics": "2.5.0",
        "lodash": "4.17.5",
        "warning": "3.0.0"
      }
    },
    "rc-hammerjs": {
      "version": "0.6.9",
      "resolved": "http://registry.npm.taobao.org/rc-hammerjs/download/rc-hammerjs-0.6.9.tgz",
      "integrity": "sha1-mk3b2hsuyPm5WWCRpqmJhCokOQc=",
      "requires": {
        "babel-runtime": "6.26.0",
        "hammerjs": "2.0.8",
        "prop-types": "15.6.1"
      }
    },
    "rc-input-number": {
      "version": "4.0.2",
      "resolved": "http://registry.npm.taobao.org/rc-input-number/download/rc-input-number-4.0.2.tgz",
      "integrity": "sha1-CWUdX8Bcf2oeIRHb+tftV0P6dZU=",
      "requires": {
        "babel-runtime": "6.26.0",
        "classnames": "2.2.5",
        "prop-types": "15.6.1",
        "rmc-feedback": "1.0.4"
      }
    },
    "rc-menu": {
      "version": "6.2.6",
      "resolved": "http://registry.npm.taobao.org/rc-menu/download/rc-menu-6.2.6.tgz",
      "integrity": "sha1-rZWkkmeS0EdrOyX20BWkl5Fdu70=",
      "requires": {
        "babel-runtime": "6.26.0",
        "classnames": "2.2.5",
        "create-react-class": "15.6.3",
        "dom-scroll-into-view": "1.2.1",
        "prop-types": "15.6.1",
        "rc-animate": "2.4.4",
        "rc-trigger": "2.3.4",
        "rc-util": "4.4.0"
      }
    },
    "rc-notification": {
      "version": "3.0.1",
      "resolved": "http://registry.npm.taobao.org/rc-notification/download/rc-notification-3.0.1.tgz",
      "integrity": "sha1-ndy4MYla1AlDp+HfNJUapwUXO84=",
      "requires": {
        "babel-runtime": "6.26.0",
        "classnames": "2.2.5",
        "prop-types": "15.6.1",
        "rc-animate": "2.4.4",
        "rc-util": "4.4.0"
      }
    },
    "rc-pagination": {
      "version": "1.15.1",
      "resolved": "http://registry.npm.taobao.org/rc-pagination/download/rc-pagination-1.15.1.tgz",
      "integrity": "sha1-+/D4jzXTs06QuvwGiyvwO1FWul8=",
      "requires": {
        "babel-runtime": "6.26.0",
        "prop-types": "15.6.1"
      }
    },
    "rc-progress": {
      "version": "2.2.5",
      "resolved": "http://registry.npm.taobao.org/rc-progress/download/rc-progress-2.2.5.tgz",
      "integrity": "sha1-5h0FRL+dQgjlujL8UJYhWef5UqM=",
      "requires": {
        "babel-runtime": "6.26.0",
        "prop-types": "15.6.1"
      }
    },
    "rc-rate": {
      "version": "2.4.0",
      "resolved": "http://registry.npm.taobao.org/rc-rate/download/rc-rate-2.4.0.tgz",
      "integrity": "sha1-l+vMWHbi5Ji59fZc7SVtirVOXwY=",
      "requires": {
        "babel-runtime": "6.26.0",
        "classnames": "2.2.5",
        "prop-types": "15.6.1",
        "rc-util": "4.4.0"
      }
    },
    "rc-select": {
      "version": "7.7.3",
      "resolved": "http://registry.npm.taobao.org/rc-select/download/rc-select-7.7.3.tgz",
      "integrity": "sha1-9p064Um0qwIE75CI5wCmphwQ2zE=",
      "requires": {
        "babel-runtime": "6.26.0",
        "classnames": "2.2.5",
        "component-classes": "1.2.6",
        "dom-scroll-into-view": "1.2.1",
        "prop-types": "15.6.1",
        "rc-animate": "2.4.4",
        "rc-menu": "6.2.6",
        "rc-trigger": "2.3.4",
        "rc-util": "4.4.0",
        "warning": "3.0.0"
      }
    },
    "rc-slider": {
      "version": "8.6.1",
      "resolved": "http://registry.npm.taobao.org/rc-slider/download/rc-slider-8.6.1.tgz",
      "integrity": "sha1-7l4DgNvfS13mlVomWw1P9hlkBdE=",
      "requires": {
        "babel-runtime": "6.26.0",
        "classnames": "2.2.5",
        "prop-types": "15.6.1",
        "rc-tooltip": "3.7.0",
        "rc-util": "4.4.0",
        "shallowequal": "1.0.2",
        "warning": "3.0.0"
      }
    },
    "rc-steps": {
      "version": "3.1.0",
      "resolved": "http://registry.npm.taobao.org/rc-steps/download/rc-steps-3.1.0.tgz",
      "integrity": "sha1-sgTJ7wZih8XMMNy+SFssG/huAcY=",
      "requires": {
        "babel-runtime": "6.26.0",
        "classnames": "2.2.5",
        "lodash.debounce": "4.0.8",
        "prop-types": "15.6.1"
      }
    },
    "rc-switch": {
      "version": "1.6.0",
      "resolved": "http://registry.npm.taobao.org/rc-switch/download/rc-switch-1.6.0.tgz",
      "integrity": "sha1-wtc2m9uHwf1F6EmJonwfsvIB0v0=",
      "requires": {
        "babel-runtime": "6.26.0",
        "classnames": "2.2.5",
        "prop-types": "15.6.1"
      }
    },
    "rc-table": {
      "version": "6.1.7",
      "resolved": "http://registry.npm.taobao.org/rc-table/download/rc-table-6.1.7.tgz",
      "integrity": "sha1-AuM7LSw8/8XG4F9iwPYajeCh2vc=",
      "requires": {
        "babel-runtime": "6.26.0",
        "component-classes": "1.2.6",
        "lodash": "4.17.5",
        "mini-store": "1.0.4",
        "prop-types": "15.6.1",
        "rc-util": "4.4.0",
        "shallowequal": "1.0.2",
        "warning": "3.0.0"
      }
    },
    "rc-tabs": {
      "version": "9.2.4",
      "resolved": "http://registry.npm.taobao.org/rc-tabs/download/rc-tabs-9.2.4.tgz",
      "integrity": "sha1-ScLk+pCLLEnrCVLcdFHpwphQap4=",
      "requires": {
        "babel-runtime": "6.26.0",
        "classnames": "2.2.5",
        "create-react-class": "15.6.3",
        "lodash": "4.17.5",
        "prop-types": "15.6.1",
        "rc-hammerjs": "0.6.9",
        "rc-util": "4.4.0",
        "warning": "3.0.0"
      }
    },
    "rc-time-picker": {
      "version": "3.2.1",
      "resolved": "http://registry.npm.taobao.org/rc-time-picker/download/rc-time-picker-3.2.1.tgz",
      "integrity": "sha1-4QX+0ygUu5XzfbxgtJSVzXh6v6I=",
      "requires": {
        "babel-runtime": "6.26.0",
        "classnames": "2.2.5",
        "moment": "2.21.0",
        "prop-types": "15.6.1",
        "rc-trigger": "2.3.4"
      }
    },
    "rc-tooltip": {
      "version": "3.7.0",
      "resolved": "http://registry.npm.taobao.org/rc-tooltip/download/rc-tooltip-3.7.0.tgz",
      "integrity": "sha1-OvvxCYZffNz+Q3UvPz9QH3vjeqo=",
      "requires": {
        "babel-runtime": "6.26.0",
        "prop-types": "15.6.1",
        "rc-trigger": "2.3.4"
      }
    },
    "rc-tree": {
      "version": "1.7.11",
      "resolved": "http://registry.npm.taobao.org/rc-tree/download/rc-tree-1.7.11.tgz",
      "integrity": "sha1-NJ3mOD/H0iv0wTsHUXlBEQIq3d8=",
      "requires": {
        "babel-runtime": "6.26.0",
        "classnames": "2.2.5",
        "prop-types": "15.6.1",
        "rc-animate": "2.4.4",
        "rc-util": "4.4.0",
        "warning": "3.0.0"
      }
    },
    "rc-tree-select": {
      "version": "1.12.9",
      "resolved": "http://registry.npm.taobao.org/rc-tree-select/download/rc-tree-select-1.12.9.tgz",
      "integrity": "sha1-NAzjsc56+rLnF+6Q/r/xFHIOX+8=",
      "requires": {
        "babel-runtime": "6.26.0",
        "classnames": "2.2.5",
        "object-assign": "4.1.1",
        "prop-types": "15.6.1",
        "rc-animate": "2.4.4",
        "rc-tree": "1.7.11",
        "rc-trigger": "2.3.4",
        "rc-util": "4.4.0"
      }
    },
    "rc-trigger": {
      "version": "2.3.4",
      "resolved": "http://registry.npm.taobao.org/rc-trigger/download/rc-trigger-2.3.4.tgz",
      "integrity": "sha1-OJ36XoNOzDpEb+nO/AtKMpAPQic=",
      "requires": {
        "babel-runtime": "6.26.0",
        "prop-types": "15.6.1",
        "rc-align": "2.3.5",
        "rc-animate": "2.4.4",
        "rc-util": "4.4.0"
      }
    },
    "rc-upload": {
      "version": "2.4.4",
      "resolved": "http://registry.npm.taobao.org/rc-upload/download/rc-upload-2.4.4.tgz",
      "integrity": "sha1-KOHmo+RNGx+S5X4hknz6J2OsKiE=",
      "requires": {
        "babel-runtime": "6.26.0",
        "classnames": "2.2.5",
        "prop-types": "15.6.1",
        "warning": "2.1.0"
      },
      "dependencies": {
        "warning": {
          "version": "2.1.0",
          "resolved": "http://registry.npm.taobao.org/warning/download/warning-2.1.0.tgz",
          "integrity": "sha1-ISINnGOvx3qMkhEeARr3Bc4MaQE=",
          "requires": {
            "loose-envify": "1.3.1"
          }
        }
      }
    },
    "rc-util": {
      "version": "4.4.0",
      "resolved": "http://registry.npm.taobao.org/rc-util/download/rc-util-4.4.0.tgz",
      "integrity": "sha1-9qMgpnEAz86qobCpVbAem+ZDV2w=",
      "requires": {
        "add-dom-event-listener": "1.0.2",
        "babel-runtime": "6.26.0",
        "prop-types": "15.6.1",
        "shallowequal": "0.2.2"
      },
      "dependencies": {
        "shallowequal": {
          "version": "0.2.2",
          "resolved": "http://registry.npm.taobao.org/shallowequal/download/shallowequal-0.2.2.tgz",
          "integrity": "sha1-HjL9W8q2rWiKSBLLDMBO/HXHAU4=",
          "requires": {
            "lodash.keys": "3.1.2"
          }
        }
      }
    },
    "react": {
      "version": "16.2.0",
      "resolved": "http://registry.npm.taobao.org/react/download/react-16.2.0.tgz",
      "integrity": "sha1-oxvS2rib/2XUITT6GH8k0FTCc7o=",
      "requires": {
        "fbjs": "0.8.16",
        "loose-envify": "1.3.1",
        "object-assign": "4.1.1",
        "prop-types": "15.6.1"
      }
    },
    "react-dom": {
      "version": "16.2.0",
      "resolved": "http://registry.npm.taobao.org/react-dom/download/react-dom-16.2.0.tgz",
      "integrity": "sha1-aQAxeGAcDKGbcJszqDNp/mEkwEQ=",
      "requires": {
        "fbjs": "0.8.16",
        "loose-envify": "1.3.1",
        "object-assign": "4.1.1",
        "prop-types": "15.6.1"
      }
    },
    "react-lazy-load": {
      "version": "3.0.13",
      "resolved": "http://registry.npm.taobao.org/react-lazy-load/download/react-lazy-load-3.0.13.tgz",
      "integrity": "sha1-OwqS0zbUPT8Nc8vm81sXBQsIuCQ=",
      "requires": {
        "eventlistener": "0.0.1",
        "lodash.debounce": "4.0.8",
        "lodash.throttle": "4.1.1",
        "prop-types": "15.6.1"
      }
    },
    "react-slick": {
      "version": "0.17.1",
      "resolved": "http://registry.npm.taobao.org/react-slick/download/react-slick-0.17.1.tgz",
      "integrity": "sha1-ZLaiPTs4IwR+bnBaNXgwFIPah0g=",
      "requires": {
        "can-use-dom": "0.1.0",
        "classnames": "2.2.5",
        "create-react-class": "15.6.3",
        "enquire.js": "2.1.6",
        "json2mq": "0.2.0",
        "object-assign": "4.1.1",
        "opencollective": "1.0.3"
      }
    },
    "regenerator-runtime": {
      "version": "0.11.1",
      "resolved": "http://registry.npm.taobao.org/regenerator-runtime/download/regenerator-runtime-0.11.1.tgz",
      "integrity": "sha1-vgWtf5v30i4Fb5cmzuUBf78Z4uk="
    },
    "restore-cursor": {
      "version": "2.0.0",
      "resolved": "http://registry.npm.taobao.org/restore-cursor/download/restore-cursor-2.0.0.tgz",
      "integrity": "sha1-n37ih/gv0ybU/RYpI9YhKe7g368=",
      "requires": {
        "onetime": "2.0.1",
        "signal-exit": "3.0.2"
      }
    },
    "rmc-feedback": {
      "version": "1.0.4",
      "resolved": "http://registry.npm.taobao.org/rmc-feedback/download/rmc-feedback-1.0.4.tgz",
      "integrity": "sha1-+6BmBZriBXrA4LU+p86YLI9Pfxk=",
      "requires": {
        "babel-runtime": "6.26.0",
        "classnames": "2.2.5"
      }
    },
    "run-async": {
      "version": "2.3.0",
      "resolved": "http://registry.npm.taobao.org/run-async/download/run-async-2.3.0.tgz",
      "integrity": "sha1-A3GrSuC91yDUFm19/aZP96RFpsA=",
      "requires": {
        "is-promise": "2.1.0"
      }
    },
    "rx": {
      "version": "4.1.0",
      "resolved": "http://registry.npm.taobao.org/rx/download/rx-4.1.0.tgz",
      "integrity": "sha1-pfE/957zt0D+MKqAP7CfmIBdR4I="
    },
    "setimmediate": {
      "version": "1.0.5",
      "resolved": "http://registry.npm.taobao.org/setimmediate/download/setimmediate-1.0.5.tgz",
      "integrity": "sha1-KQy7Iy4waULX1+qbg3Mqt4VvgoU="
    },
    "shallow-equal": {
      "version": "1.0.0",
      "resolved": "http://registry.npm.taobao.org/shallow-equal/download/shallow-equal-1.0.0.tgz",
      "integrity": "sha1-UI0YOLPeWQq4dXsBGyXkMJAJRfc="
    },
    "shallowequal": {
      "version": "1.0.2",
      "resolved": "http://registry.npm.taobao.org/shallowequal/download/shallowequal-1.0.2.tgz",
      "integrity": "sha1-FWHb3vuMAUCBADGQhXZNo/z4P48="
    },
    "signal-exit": {
      "version": "3.0.2",
      "resolved": "http://registry.npm.taobao.org/signal-exit/download/signal-exit-3.0.2.tgz",
      "integrity": "sha1-tf3AjxKH6hF4Yo5BXiUTK3NkbG0="
    },
    "string-convert": {
      "version": "0.2.1",
      "resolved": "http://registry.npm.taobao.org/string-convert/download/string-convert-0.2.1.tgz",
      "integrity": "sha1-aYLMMEn7tM2F+LJFaLnZvznu/5c="
    },
    "string-width": {
      "version": "2.1.1",
      "resolved": "http://registry.npm.taobao.org/string-width/download/string-width-2.1.1.tgz",
      "integrity": "sha1-q5Pyeo3BPSjKyBXEYhQ6bZASrp4=",
      "requires": {
        "is-fullwidth-code-point": "2.0.0",
        "strip-ansi": "4.0.0"
      },
      "dependencies": {
        "ansi-regex": {
          "version": "3.0.0",
          "resolved": "http://registry.npm.taobao.org/ansi-regex/download/ansi-regex-3.0.0.tgz",
          "integrity": "sha1-7QMXwyIGT3lGbAKWa922Bas32Zg="
        },
        "strip-ansi": {
          "version": "4.0.0",
          "resolved": "http://registry.npm.taobao.org/strip-ansi/download/strip-ansi-4.0.0.tgz",
          "integrity": "sha1-qEeQIusaw2iocTibY1JixQXuNo8=",
          "requires": {
            "ansi-regex": "3.0.0"
          }
        }
      }
    },
    "strip-ansi": {
      "version": "3.0.1",
      "resolved": "http://registry.npm.taobao.org/strip-ansi/download/strip-ansi-3.0.1.tgz",
      "integrity": "sha1-ajhfuIU9lS1f8F0Oiq+UJ43GPc8=",
      "requires": {
        "ansi-regex": "2.1.1"
      }
    },
    "supports-color": {
      "version": "2.0.0",
      "resolved": "http://registry.npm.taobao.org/supports-color/download/supports-color-2.0.0.tgz",
      "integrity": "sha1-U10EXOa2Nj+kARcIRimZXp3zJMc="
    },
    "through": {
      "version": "2.3.8",
      "resolved": "http://registry.npm.taobao.org/through/download/through-2.3.8.tgz",
      "integrity": "sha1-DdTJ/6q8NXlgsbckEV1+Doai4fU="
    },
    "tmp": {
      "version": "0.0.33",
      "resolved": "http://registry.npm.taobao.org/tmp/download/tmp-0.0.33.tgz",
      "integrity": "sha1-bTQzWIl2jSGyvNoKonfO07G/rfk=",
      "requires": {
        "os-tmpdir": "1.0.2"
      }
    },
    "ua-parser-js": {
      "version": "0.7.17",
      "resolved": "http://registry.npm.taobao.org/ua-parser-js/download/ua-parser-js-0.7.17.tgz",
      "integrity": "sha1-6exflJi57JEOeuOsYmqAXE0J7Kw="
    },
    "warning": {
      "version": "3.0.0",
      "resolved": "http://registry.npm.taobao.org/warning/download/warning-3.0.0.tgz",
      "integrity": "sha1-MuU3fLVy3kqwR1O9+IIcAe1gW3w=",
      "requires": {
        "loose-envify": "1.3.1"
      }
    },
    "whatwg-fetch": {
      "version": "2.0.3",
      "resolved": "http://registry.npm.taobao.org/whatwg-fetch/download/whatwg-fetch-2.0.3.tgz",
      "integrity": "sha1-nITsLc9oGH/wC8ZOEnS0QhduHIQ="
    }
  }
}
